PODS:
  - ThemePod (0.1.0)

DEPENDENCIES:
  - ThemePod (from `https://github.com/SabariDinesh/ThemePod`, branch `master`)

EXTERNAL SOURCES:
  ThemePod:
    :branch: master
    :git: https://github.com/SabariDinesh/ThemePod

CHECKOUT OPTIONS:
  ThemePod:
    :commit: cefe9f630dd0a31fcc7412178ed17646dfae864e
    :git: https://github.com/SabariDinesh/ThemePod

SPEC CHECKSUMS:
  ThemePod: ebfaa8b79f0dcd6075bb820a838bda358f9e3547

PODFILE CHECKSUM: 5fa8593900b157d65ef7038fd9c71da4415dc059

COCOAPODS: 1.11.2
